
Microsoft Visual Studio Solution File, Format Version 12.00
# Visual Studio Version 17
VisualStudioVersion = 17.2.32630.192
MinimumVisualStudioVersion = 10.0.40219.1
Project("{9A19103F-16F7-4668-BE54-9A1E7A4F7556}") = "TheOmenDen.Shared.Components", "TheOmenDen.Shared.Components\TheOmenDen.Shared.Components.csproj", "{D12D0AC7-47E0-4EC0-9F9F-DBC3B7492C4F}"
EndProject
Global
	GlobalSection(SolutionConfigurationPlatforms) = preSolution
		Debug|Any CPU = Debug|Any CPU
		Release|Any CPU = Release|Any CPU
	EndGlobalSection
	GlobalSection(ProjectConfigurationPlatforms) = postSolution
		{D12D0AC7-47E0-4EC0-9F9F-DBC3B7492C4F}.Debug|Any CPU.ActiveCfg = Debug|Any CPU
		{D12D0AC7-47E0-4EC0-9F9F-DBC3B7492C4F}.Debug|Any CPU.Build.0 = Debug|Any CPU
		{D12D0AC7-47E0-4EC0-9F9F-DBC3B7492C4F}.Release|Any CPU.ActiveCfg = Release|Any CPU
		{D12D0AC7-47E0-4EC0-9F9F-DBC3B7492C4F}.Release|Any CPU.Build.0 = Release|Any CPU
	EndGlobalSection
	GlobalSection(SolutionProperties) = preSolution
		HideSolutionNode = FALSE
	EndGlobalSection
	GlobalSection(ExtensibilityGlobals) = postSolution
		SolutionGuid = {ED539D0F-5C5F-408B-BED0-FBE63EE7A9D9}
	EndGlobalSection
EndGlobal
